
Microsoft Visual Studio Solution File, Format Version 12.00
# Visual Studio Version 16
VisualStudioVersion = 16.0.31410.357
MinimumVisualStudioVersion = 10.0.40219.1
Project("{FAE04EC0-301F-11D3-BF4B-00C04F79EFBC}") = "ChatterBox", "ChatterBox\ChatterBox.csproj", "{01AAAC68-C6D4-4096-A319-2D2C80A7B855}"
EndProject
Global
	GlobalSection(SolutionConfigurationPlatforms) = preSolution
		Debug|Any CPU = Debug|Any CPU
		Release|Any CPU = Release|Any CPU
	EndGlobalSection
	GlobalSection(ProjectConfigurationPlatforms) = postSolution
		{01AAAC68-C6D4-4096-A319-2D2C80A7B855}.Debug|Any CPU.ActiveCfg = Debug|Any CPU
		{01AAAC68-C6D4-4096-A319-2D2C80A7B855}.Debug|Any CPU.Build.0 = Debug|Any CPU
		{01AAAC68-C6D4-4096-A319-2D2C80A7B855}.Release|Any CPU.ActiveCfg = Release|Any CPU
		{01AAAC68-C6D4-4096-A319-2D2C80A7B855}.Release|Any CPU.Build.0 = Release|Any CPU
	EndGlobalSection
	GlobalSection(SolutionProperties) = preSolution
		HideSolutionNode = FALSE
	EndGlobalSection
	GlobalSection(ExtensibilityGlobals) = postSolution
		SolutionGuid = {AB8DAA32-E414-4C59-88D1-F371985558B8}
	EndGlobalSection
EndGlobal
