
Microsoft Visual Studio Solution File, Format Version 12.00
# Visual Studio Version 16
VisualStudioVersion = 16.0.31313.79
MinimumVisualStudioVersion = 10.0.40219.1
Project("{FAE04EC0-301F-11D3-BF4B-00C04F79EFBC}") = "Publico", "Publico\Publico.csproj", "{BADEB7DE-66A0-425C-BE49-28B1FFDE257C}"
EndProject
Global
	GlobalSection(SolutionConfigurationPlatforms) = preSolution
		Debug|Any CPU = Debug|Any CPU
		Release|Any CPU = Release|Any CPU
	EndGlobalSection
	GlobalSection(ProjectConfigurationPlatforms) = postSolution
		{BADEB7DE-66A0-425C-BE49-28B1FFDE257C}.Debug|Any CPU.ActiveCfg = Debug|Any CPU
		{BADEB7DE-66A0-425C-BE49-28B1FFDE257C}.Debug|Any CPU.Build.0 = Debug|Any CPU
		{BADEB7DE-66A0-425C-BE49-28B1FFDE257C}.Release|Any CPU.ActiveCfg = Release|Any CPU
		{BADEB7DE-66A0-425C-BE49-28B1FFDE257C}.Release|Any CPU.Build.0 = Release|Any CPU
	EndGlobalSection
	GlobalSection(SolutionProperties) = preSolution
		HideSolutionNode = FALSE
	EndGlobalSection
	GlobalSection(ExtensibilityGlobals) = postSolution
		SolutionGuid = {117C7361-F30A-4056-9DF2-AC419E957E85}
	EndGlobalSection
EndGlobal
