
Microsoft Visual Studio Solution File, Format Version 12.00
# Visual Studio Version 16
VisualStudioVersion = 16.0.31410.357
MinimumVisualStudioVersion = 10.0.40219.1
Project("{FAE04EC0-301F-11D3-BF4B-00C04F79EFBC}") = "MVCWork", "MVCWork\MVCWork.csproj", "{B93CF47E-FF28-4459-A2F6-C02863664F16}"
EndProject
Global
	GlobalSection(SolutionConfigurationPlatforms) = preSolution
		Debug|Any CPU = Debug|Any CPU
		Release|Any CPU = Release|Any CPU
	EndGlobalSection
	GlobalSection(ProjectConfigurationPlatforms) = postSolution
		{B93CF47E-FF28-4459-A2F6-C02863664F16}.Debug|Any CPU.ActiveCfg = Debug|Any CPU
		{B93CF47E-FF28-4459-A2F6-C02863664F16}.Debug|Any CPU.Build.0 = Debug|Any CPU
		{B93CF47E-FF28-4459-A2F6-C02863664F16}.Release|Any CPU.ActiveCfg = Release|Any CPU
		{B93CF47E-FF28-4459-A2F6-C02863664F16}.Release|Any CPU.Build.0 = Release|Any CPU
	EndGlobalSection
	GlobalSection(SolutionProperties) = preSolution
		HideSolutionNode = FALSE
	EndGlobalSection
	GlobalSection(ExtensibilityGlobals) = postSolution
		SolutionGuid = {7DF2FD60-098A-42BC-89DF-D9AE8BD243D7}
	EndGlobalSection
EndGlobal
